
Microsoft Visual Studio Solution File, Format Version 12.00
# Visual Studio 15
VisualStudioVersion = 15.0.27703.2000
MinimumVisualStudioVersion = 10.0.40219.1
Project("{FAE04EC0-301F-11D3-BF4B-00C04F79EFBC}") = "Homeworks", "Homeworks\Homeworks.csproj", "{D97396B3-B74B-40EB-95A0-9FC47FDE7368}"
EndProject
Project("{FAE04EC0-301F-11D3-BF4B-00C04F79EFBC}") = "Homework Module 4", "Homework Module 4\Homework Module 4.csproj", "{89A65E61-B32C-4A2E-B440-E59F897BCBA0}"
EndProject
Project("{FAE04EC0-301F-11D3-BF4B-00C04F79EFBC}") = "Homework Module 5", "Homework Module 5\Homework Module 5.csproj", "{097A402E-15DE-46D7-B04F-D9CEF55A7493}"
EndProject
Project("{FAE04EC0-301F-11D3-BF4B-00C04F79EFBC}") = "Homework Module 6", "Homework Module 6\Homework Module 6.csproj", "{97DC5AD8-6F67-454F-A355-A84F35B86649}"
EndProject
Project("{FAE04EC0-301F-11D3-BF4B-00C04F79EFBC}") = "Homework Module 7", "Homework Module 7\Homework Module 7.csproj", "{CB7A5671-F0B7-4CC8-99D1-335CE40E544D}"
EndProject
Global
	GlobalSection(SolutionConfigurationPlatforms) = preSolution
		Debug|Any CPU = Debug|Any CPU
		Release|Any CPU = Release|Any CPU
	EndGlobalSection
	GlobalSection(ProjectConfigurationPlatforms) = postSolution
		{D97396B3-B74B-40EB-95A0-9FC47FDE7368}.Debug|Any CPU.ActiveCfg = Debug|Any CPU
		{D97396B3-B74B-40EB-95A0-9FC47FDE7368}.Debug|Any CPU.Build.0 = Debug|Any CPU
		{D97396B3-B74B-40EB-95A0-9FC47FDE7368}.Release|Any CPU.ActiveCfg = Release|Any CPU
		{D97396B3-B74B-40EB-95A0-9FC47FDE7368}.Release|Any CPU.Build.0 = Release|Any CPU
		{89A65E61-B32C-4A2E-B440-E59F897BCBA0}.Debug|Any CPU.ActiveCfg = Debug|Any CPU
		{89A65E61-B32C-4A2E-B440-E59F897BCBA0}.Debug|Any CPU.Build.0 = Debug|Any CPU
		{89A65E61-B32C-4A2E-B440-E59F897BCBA0}.Release|Any CPU.ActiveCfg = Release|Any CPU
		{89A65E61-B32C-4A2E-B440-E59F897BCBA0}.Release|Any CPU.Build.0 = Release|Any CPU
		{097A402E-15DE-46D7-B04F-D9CEF55A7493}.Debug|Any CPU.ActiveCfg = Debug|Any CPU
		{097A402E-15DE-46D7-B04F-D9CEF55A7493}.Debug|Any CPU.Build.0 = Debug|Any CPU
		{097A402E-15DE-46D7-B04F-D9CEF55A7493}.Release|Any CPU.ActiveCfg = Release|Any CPU
		{097A402E-15DE-46D7-B04F-D9CEF55A7493}.Release|Any CPU.Build.0 = Release|Any CPU
		{97DC5AD8-6F67-454F-A355-A84F35B86649}.Debug|Any CPU.ActiveCfg = Debug|Any CPU
		{97DC5AD8-6F67-454F-A355-A84F35B86649}.Debug|Any CPU.Build.0 = Debug|Any CPU
		{97DC5AD8-6F67-454F-A355-A84F35B86649}.Release|Any CPU.ActiveCfg = Release|Any CPU
		{97DC5AD8-6F67-454F-A355-A84F35B86649}.Release|Any CPU.Build.0 = Release|Any CPU
		{CB7A5671-F0B7-4CC8-99D1-335CE40E544D}.Debug|Any CPU.ActiveCfg = Debug|Any CPU
		{CB7A5671-F0B7-4CC8-99D1-335CE40E544D}.Debug|Any CPU.Build.0 = Debug|Any CPU
		{CB7A5671-F0B7-4CC8-99D1-335CE40E544D}.Release|Any CPU.ActiveCfg = Release|Any CPU
		{CB7A5671-F0B7-4CC8-99D1-335CE40E544D}.Release|Any CPU.Build.0 = Release|Any CPU
	EndGlobalSection
	GlobalSection(SolutionProperties) = preSolution
		HideSolutionNode = FALSE
	EndGlobalSection
	GlobalSection(ExtensibilityGlobals) = postSolution
		SolutionGuid = {E084E474-EF9F-4886-B6E1-E57CEC31CDF8}
	EndGlobalSection
EndGlobal
